# This file is automatically @generated by Cargo.
# It is not intended for manual editing.
version = 4

[[package]]
name = "lume"
version = "0.1.0"
dependencies = [
 "lume_diagnostics",
 "lume_driver",
 "lume_session",
]

[[package]]
name = "lume_ast"
version = "0.1.0"
dependencies = [
 "lume_span",
]

[[package]]
name = "lume_backend_jit"
version = "0.1.0"

[[package]]
name = "lume_backend_native"
version = "0.1.0"

[[package]]
name = "lume_codegen_css"
version = "0.1.0"
dependencies = [
 "lume_ast",
 "lume_hir",
 "lume_ir",
 "lume_parser",
]

[[package]]
name = "lume_codegen_html"
version = "0.1.0"
dependencies = [
 "lume_ast",
 "lume_codegen_css",
 "lume_hir",
 "lume_ir",
 "lume_parser",
]

[[package]]
name = "lume_codegen_js"
version = "0.1.0"
dependencies = [
 "lume_ast",
 "lume_codegen_css",
 "lume_codegen_html",
 "lume_hir",
 "lume_ir",
 "lume_parser",
]

[[package]]
name = "lume_codegen_llvm"
version = "0.1.0"

[[package]]
name = "lume_codegen_wasm"
version = "0.1.0"

[[package]]
name = "lume_diagnostics"
version = "0.1.0"
dependencies = [
 "lume_span",
]

[[package]]
name = "lume_driver"
version = "0.1.0"
dependencies = [
 "lume_codegen_css",
 "lume_codegen_html",
 "lume_codegen_js",
 "lume_diagnostics",
 "lume_formatter",
 "lume_hir",
 "lume_ir",
 "lume_parser",
 "lume_resolver",
 "lume_session",
 "lume_typeck",
]

[[package]]
name = "lume_ffi"
version = "0.1.0"

[[package]]
name = "lume_formatter"
version = "0.1.0"

[[package]]
name = "lume_hir"
version = "0.1.0"
dependencies = [
 "lume_ast",
]

[[package]]
name = "lume_ir"
version = "0.1.0"
dependencies = [
 "lume_ast",
 "lume_diagnostics",
 "lume_hir",
]

[[package]]
name = "lume_lexer"
version = "0.1.0"
dependencies = [
 "lume_diagnostics",
 "lume_span",
]

[[package]]
name = "lume_lsp"
version = "0.1.0"

[[package]]
name = "lume_parser"
version = "0.1.0"
dependencies = [
 "lume_ast",
 "lume_diagnostics",
 "lume_lexer",
 "lume_span",
]

[[package]]
name = "lume_resolver"
version = "0.1.0"
dependencies = [
 "lume_ast",
 "lume_diagnostics",
 "lume_hir",
 "lume_parser",
]

[[package]]
name = "lume_runtime_dom"
version = "0.1.0"

[[package]]
name = "lume_runtime_server"
version = "0.1.0"

[[package]]
name = "lume_session"
version = "0.1.0"
dependencies = [
 "lume_span",
]

[[package]]
name = "lume_span"
version = "0.1.0"

[[package]]
name = "lume_typeck"
version = "0.1.0"
dependencies = [
 "lume_ast",
 "lume_diagnostics",
 "lume_hir",
 "lume_parser",
]
